schema: '2.0'
stages:
  train:
    cmd: python train.py
    deps:
    - path: data.py
      hash: md5
      md5: 61b10ace2fb2f130b3695afb617ef110
      size: 365
    - path: mnist_data.npz
      hash: md5
      md5: 9babdd31316e8d9cb0d00791d8a5bd02
      size: 54951002
    - path: model.py
      hash: md5
      md5: 492dd84b5f5a57f81ce8a8bf3668acf7
      size: 708
    - path: train.py
      hash: md5
      md5: 64eda303d7e5216703df6df60933bc8e
      size: 456
    - path: train_utils.py
      hash: md5
      md5: c63a40be2fd15096b9fab47139459afa
      size: 1217
    params:
      params.yaml:
        train.batch_size: 64
        train.epochs: 5
        train.learning_rate: 0.001
    outs:
    - path: history_logs.csv
      hash: md5
      md5: 4f5f8d1ae432f642717cd7d0fe055c5f
      size: 429
    - path: mnist_model.h5
      hash: md5
      md5: 3aa446c972c6334e9eefcf63992aedb1
      size: 1502296
  evaluate:
    cmd: python evaluate.py
    deps:
    - path: data.py
      hash: md5
      md5: 61b10ace2fb2f130b3695afb617ef110
      size: 365
    - path: evaluate.py
      hash: md5
      md5: 4c9eeba8c26b4e7da08d64c5e6101bb0
      size: 267
    - path: evaluate_utils.py
      hash: md5
      md5: 8fa2c87d4f9d848864f07ab535b6837f
      size: 280
    - path: mnist_model.h5
      hash: md5
      md5: 3aa446c972c6334e9eefcf63992aedb1
      size: 1502296
    outs:
    - path: metrics.json
      hash: md5
      md5: 971354ef074b9afed28957caa8956f79
      size: 60
