schema: '2.0'
stages:
  train:
    cmd: PYTHONPATH=. python scripts/train.py
    deps:
    - path: data/mnist_data.npz
      hash: md5
      md5: 9babdd31316e8d9cb0d00791d8a5bd02
      size: 54951002
    - path: scripts/train.py
      hash: md5
      md5: bc67677f35810893754ed0a7bbc7bdf6
      size: 487
    - path: src/
      hash: md5
      md5: 834b4c3a8a43900ade04daef40b60c28.dir
      size: 5802
      nfiles: 11
    params:
      params.yaml:
        train.batch_size: 64
        train.epochs: 5
        train.learning_rate: 0.001
    outs:
    - path: logs/history_logs.csv
      hash: md5
      md5: 7febce135a409322c18a0907be500734
      size: 429
    - path: mnist_model.h5
      hash: md5
      md5: 7d4536543c27c8aaed8fa94246ec878e
      size: 1502296
  evaluate:
    cmd: PYTHONPATH=. python scripts/evaluate.py
    deps:
    - path: mnist_model.h5
      hash: md5
      md5: 7d4536543c27c8aaed8fa94246ec878e
      size: 1502296
    - path: scripts/evaluate.py
      hash: md5
      md5: c8276a48377f81afa2d5635d900a5635
      size: 287
    - path: src/data/data.py
      hash: md5
      md5: b3d4084e5db5b45f68b350a953756a2f
      size: 370
    - path: src/models/evaluate_utils.py
      hash: md5
      md5: 48f93cb59c68920920633279245e4ed5
      size: 285
    outs:
    - path: logs/metrics.json
      hash: md5
      md5: 62248a87159879ecfccece0e2f0561e8
      size: 62
